// !$*UTF8*$!
{
	archiveVersion = 1;
	classes = {
	};
	objectVersion = 46;
	objects = {

/* Begin PBXBuildFile section */
		9F53B17D1CD0AD850008AE71 /* AppDelegate.swift in Sources */ = {isa = PBXBuildFile; fileRef = 9F53B17C1CD0AD850008AE71 /* AppDelegate.swift */; };
		9F53B17F1CD0AD850008AE71 /* ViewController.swift in Sources */ = {isa = PBXBuildFile; fileRef = 9F53B17E1CD0AD850008AE71 /* ViewController.swift */; };
		9F53B1821CD0AD850008AE71 /* Main.storyboard in Resources */ = {isa = PBXBuildFile; fileRef = 9F53B1801CD0AD850008AE71 /* Main.storyboard */; };
		9F53B1841CD0AD850008AE71 /* Assets.xcassets in Resources */ = {isa = PBXBuildFile; fileRef = 9F53B1831CD0AD850008AE71 /* Assets.xcassets */; };
		9F53B1871CD0AD850008AE71 /* LaunchScreen.storyboard in Resources */ = {isa = PBXBuildFile; fileRef = 9F53B1851CD0AD850008AE71 /* LaunchScreen.storyboard */; };
/* End PBXBuildFile section */

/* Begin PBXFileReference section */
		9F53B1791CD0AD850008AE71 /* NewLinkTests.app */ = {isa = PBXFileReference; explicitFileType = wrapper.application; includeInIndex = 0; path = NewLinkTests.app; sourceTree = BUILT_PRODUCTS_DIR; };
		9F53B17C1CD0AD850008AE71 /* AppDelegate.swift */ = {isa = PBXFileReference; lastKnownFileType = sourcecode.swift; path = AppDelegate.swift; sourceTree = "<group>"; };
		9F53B17E1CD0AD850008AE71 /* ViewController.swift */ = {isa = PBXFileReference; lastKnownFileType = sourcecode.swift; path = ViewController.swift; sourceTree = "<group>"; };
		9F53B1811CD0AD850008AE71 /* Base */ = {isa = PBXFileReference; lastKnownFileType = file.storyboard; name = Base; path = Base.lproj/Main.storyboard; sourceTree = "<group>"; };
		9F53B1831CD0AD850008AE71 /* Assets.xcassets */ = {isa = PBXFileReference; lastKnownFileType = folder.assetcatalog; path = Assets.xcassets; sourceTree = "<group>"; };
		9F53B1861CD0AD850008AE71 /* Base */ = {isa = PBXFileReference; lastKnownFileType = file.storyboard; name = Base; path = Base.lproj/LaunchScreen.storyboard; sourceTree = "<group>"; };
		9F53B1881CD0AD850008AE71 /* Info.plist */ = {isa = PBXFileReference; lastKnownFileType = text.plist.xml; path = Info.plist; sourceTree = "<group>"; };
/* End PBXFileReference section */

/* Begin PBXFrameworksBuildPhase section */
		9F53B1761CD0AD850008AE71 /* Frameworks */ = {
			isa = PBXFrameworksBuildPhase;
			buildActionMask = 2147483647;
			files = (
			);
			runOnlyForDeploymentPostprocessing = 0;
		};
/* End PBXFrameworksBuildPhase section */

/* Begin PBXGroup section */
		9F53B1701CD0AD850008AE71 = {
			isa = PBXGroup;
			children = (
				9F53B17B1CD0AD850008AE71 /* NewLinkTests */,
				9F53B17A1CD0AD850008AE71 /* Products */,
			);
			sourceTree = "<group>";
		};
		9F53B17A1CD0AD850008AE71 /* Products */ = {
			isa = PBXGroup;
			children = (
				9F53B1791CD0AD850008AE71 /* NewLinkTests.app */,
			);
			name = Products;
			sourceTree = "<group>";
		};
		9F53B17B1CD0AD850008AE71 /* NewLinkTests */ = {
			isa = PBXGroup;
			children = (
				9F53B17C1CD0AD850008AE71 /* AppDelegate.swift */,
				9F53B17E1CD0AD850008AE71 /* ViewController.swift */,
				9F53B1801CD0AD850008AE71 /* Main.storyboard */,
				9F53B1831CD0AD850008AE71 /* Assets.xcassets */,
				9F53B1851CD0AD850008AE71 /* LaunchScreen.storyboard */,
				9F53B1881CD0AD850008AE71 /* Info.plist */,
			);
			path = NewLinkTests;
			sourceTree = "<group>";
		};
/* End PBXGroup section */

/* Begin PBXNativeTarget section */
		9F53B1781CD0AD850008AE71 /* NewLinkTests */ = {
			isa = PBXNativeTarget;
			buildConfigurationList = 9F53B18B1CD0AD850008AE71 /* Build configuration list for PBXNativeTarget "NewLinkTests" */;
			buildPhases = (
				9F53B1751CD0AD850008AE71 /* Sources */,
				9F53B1761CD0AD850008AE71 /* Frameworks */,
				9F53B1771CD0AD850008AE71 /* Resources */,
			);
			buildRules = (
			);
			dependencies = (
			);
			name = NewLinkTests;
			productName = NewLinkTests;
			productReference = 9F53B1791CD0AD850008AE71 /* NewLinkTests.app */;
			productType = "com.apple.product-type.application";
		};
/* End PBXNativeTarget section */

/* Begin PBXProject section */
		9F53B1711CD0AD850008AE71 /* Project object */ = {
			isa = PBXProject;
			attributes = {
				LastSwiftUpdateCheck = 0730;
				LastUpgradeCheck = 0730;
				ORGANIZATIONNAME = Ted.Company;
				TargetAttributes = {
					9F53B1781CD0AD850008AE71 = {
						CreatedOnToolsVersion = 7.3;
					};
				};
			};
			buildConfigurationList = 9F53B1741CD0AD850008AE71 /* Build configuration list for PBXProject "NewLinkTests" */;
			compatibilityVersion = "Xcode 3.2";
			developmentRegion = English;
			hasScannedForEncodings = 0;
			knownRegions = (
				en,
				Base,
			);
			mainGroup = 9F53B1701CD0AD850008AE71;
			productRefGroup = 9F53B17A1CD0AD850008AE71 /* Products */;
			projectDirPath = "";
			projectRoot = "";
			targets = (
				9F53B1781CD0AD850008AE71 /* NewLinkTests */,
			);
		};
/* End PBXProject section */

/* Begin PBXResourcesBuildPhase section */
		9F53B1771CD0AD850008AE71 /* Resources */ = {
			isa = PBXResourcesBuildPhase;
			buildActionMask = 2147483647;
			files = (
				9F53B1871CD0AD850008AE71 /* LaunchScreen.storyboard in Resources */,
				9F53B1841CD0AD850008AE71 /* Assets.xcassets in Resources */,
				9F53B1821CD0AD850008AE71 /* Main.storyboard in Resources */,
			);
			runOnlyForDeploymentPostprocessing = 0;
		};
/* End PBXResourcesBuildPhase section */

/* Begin PBXSourcesBuildPhase section */
		9F53B1751CD0AD850008AE71 /* Sources */ = {
			isa = PBXSourcesBuildPhase;
			buildActionMask = 2147483647;
			files = (
				9F53B17F1CD0AD850008AE71 /* ViewController.swift in Sources */,
				9F53B17D1CD0AD850008AE71 /* AppDelegate.swift in Sources */,
			);
			runOnlyForDeploymentPostprocessing = 0;
		};
/* End PBXSourcesBuildPhase section */

/* Begin PBXVariantGroup section */
		9F53B1801CD0AD850008AE71 /* Main.storyboard */ = {
			isa = PBXVariantGroup;
			children = (
				9F53B1811CD0AD850008AE71 /* Base */,
			);
			name = Main.storyboard;
			sourceTree = "<group>";
		};
		9F53B1851CD0AD850008AE71 /* LaunchScreen.storyboard */ = {
			isa = PBXVariantGroup;
			children = (
				9F53B1861CD0AD850008AE71 /* Base */,
			);
			name = LaunchScreen.storyboard;
			sourceTree = "<group>";
		};
/* End PBXVariantGroup section */

/* Begin XCBuildConfiguration section */
		9F53B1891CD0AD850008AE71 /* Debug */ = {
			isa = XCBuildConfiguration;
			buildSettings = {
				ALWAYS_SEARCH_USER_PATHS = NO;
				CLANG_ANALYZER_NONNULL = YES;
				CLANG_CXX_LANGUAGE_STANDARD = "gnu++0x";
				CLANG_CXX_LIBRARY = "libc++";
				CLANG_ENABLE_MODULES = YES;
				CLANG_ENABLE_OBJC_ARC = YES;
				CLANG_WARN_BOOL_CONVERSION = YES;
				CLANG_WARN_CONSTANT_CONVERSION = YES;
				CLANG_WARN_DIRECT_OBJC_ISA_USAGE = YES_ERROR;
				CLANG_WARN_EMPTY_BODY = YES;
				CLANG_WARN_ENUM_CONVERSION = YES;
				CLANG_WARN_INT_CONVERSION = YES;
				CLANG_WARN_OBJC_ROOT_CLASS = YES_ERROR;
				CLANG_WARN_UNREACHABLE_CODE = YES;
				CLANG_WARN__DUPLICATE_METHOD_MATCH = YES;
				"CODE_SIGN_IDENTITY[sdk=iphoneos*]" = "iPhone Developer";
				COPY_PHASE_STRIP = NO;
				DEBUG_INFORMATION_FORMAT = dwarf;
				ENABLE_STRICT_OBJC_MSGSEND = YES;
				ENABLE_TESTABILITY = YES;
				GCC_C_LANGUAGE_STANDARD = gnu99;
				GCC_DYNAMIC_NO_PIC = NO;
				GCC_NO_COMMON_BLOCKS = YES;
				GCC_OPTIMIZATION_LEVEL = 0;
				GCC_PREPROCESSOR_DEFINITIONS = (
					"DEBUG=1",
					"$(inherited)",
				);
				GCC_WARN_64_TO_32_BIT_CONVERSION = YES;
				GCC_WARN_ABOUT_RETURN_TYPE = YES_ERROR;
				GCC_WARN_UNDECLARED_SELECTOR = YES;
				GCC_WARN_UNINITIALIZED_AUTOS = YES_AGGRESSIVE;
				GCC_WARN_UNUSED_FUNCTION = YES;
				GCC_WARN_UNUSED_VARIABLE = YES;
				IPHONEOS_DEPLOYMENT_TARGET = 9.3;
				MTL_ENABLE_DEBUG_INFO = YES;
				ONLY_ACTIVE_ARCH = YES;
				SDKROOT = iphoneos;
				SWIFT_OPTIMIZATION_LEVEL = "-Onone";
			};
			name = Debug;
		};
		9F53B18A1CD0AD850008AE71 /* Release */ = {
			isa = XCBuildConfiguration;
			buildSettings = {
				ALWAYS_SEARCH_USER_PATHS = NO;
				CLANG_ANALYZER_NONNULL = YES;
				CLANG_CXX_LANGUAGE_STANDARD = "gnu++0x";
				CLANG_CXX_LIBRARY = "libc++";
				CLANG_ENABLE_MODULES = YES;
				CLANG_ENABLE_OBJC_ARC = YES;
				CLANG_WARN_BOOL_CONVERSION = YES;
				CLANG_WARN_CONSTANT_CONVERSION = YES;
				CLANG_WARN_DIRECT_OBJC_ISA_USAGE = YES_ERROR;
				CLANG_WARN_EMPTY_BODY = YES;
				CLANG_WARN_ENUM_CONVERSION = YES;
				CLANG_WARN_INT_CONVERSION = YES;
				CLANG_WARN_OBJC_ROOT_CLASS = YES_ERROR;
				CLANG_WARN_UNREACHABLE_CODE = YES;
				CLANG_WARN__DUPLICATE_METHOD_MATCH = YES;
				"CODE_SIGN_IDENTITY[sdk=iphoneos*]" = "iPhone Developer";
				COPY_PHASE_STRIP = NO;
				DEBUG_INFORMATION_FORMAT = "dwarf-with-dsym";
				ENABLE_NS_ASSERTIONS = NO;
				ENABLE_STRICT_OBJC_MSGSEND = YES;
				GCC_C_LANGUAGE_STANDARD = gnu99;
				GCC_NO_COMMON_BLOCKS = YES;
				GCC_WARN_64_TO_32_BIT_CONVERSION = YES;
				GCC_WARN_ABOUT_RETURN_TYPE = YES_ERROR;
				GCC_WARN_UNDECLARED_SELECTOR = YES;
				GCC_WARN_UNINITIALIZED_AUTOS = YES_AGGRESSIVE;
				GCC_WARN_UNUSED_FUNCTION = YES;
				GCC_WARN_UNUSED_VARIABLE = YES;
				IPHONEOS_DEPLOYMENT_TARGET = 9.3;
				MTL_ENABLE_DEBUG_INFO = NO;
				SDKROOT = iphoneos;
				VALIDATE_PRODUCT = YES;
			};
			name = Release;
		};
		9F53B18C1CD0AD850008AE71 /* Debug */ = {
			isa = XCBuildConfiguration;
			buildSettings = {
				ASSETCATALOG_COMPILER_APPICON_NAME = AppIcon;
				INFOPLIST_FILE = NewLinkTests/Info.plist;
				LD_RUNPATH_SEARCH_PATHS = "$(inherited) @executable_path/Frameworks";
				PRODUCT_BUNDLE_IDENTIFIER = com.ted.company.NewLinkTests;
				PRODUCT_NAME = "$(TARGET_NAME)";
			};
			name = Debug;
		};
		9F53B18D1CD0AD850008AE71 /* Release */ = {
			isa = XCBuildConfiguration;
			buildSettings = {
				ASSETCATALOG_COMPILER_APPICON_NAME = AppIcon;
				INFOPLIST_FILE = NewLinkTests/Info.plist;
				LD_RUNPATH_SEARCH_PATHS = "$(inherited) @executable_path/Frameworks";
				PRODUCT_BUNDLE_IDENTIFIER = com.ted.company.NewLinkTests;
				PRODUCT_NAME = "$(TARGET_NAME)";
			};
			name = Release;
		};
/* End XCBuildConfiguration section */

/* Begin XCConfigurationList section */
		9F53B1741CD0AD850008AE71 /* Build configuration list for PBXProject "NewLinkTests" */ = {
			isa = XCConfigurationList;
			buildConfigurations = (
				9F53B1891CD0AD850008AE71 /* Debug */,
				9F53B18A1CD0AD850008AE71 /* Release */,
			);
			defaultConfigurationIsVisible = 0;
			defaultConfigurationName = Release;
		};
		9F53B18B1CD0AD850008AE71 /* Build configuration list for PBXNativeTarget "NewLinkTests" */ = {
			isa = XCConfigurationList;
			buildConfigurations = (
				9F53B18C1CD0AD850008AE71 /* Debug */,
				9F53B18D1CD0AD850008AE71 /* Release */,
			);
			defaultConfigurationIsVisible = 0;
		};
/* End XCConfigurationList section */
	};
	rootObject = 9F53B1711CD0AD850008AE71 /* Project object */;
}
